
Microsoft Visual Studio Solution File, Format Version 12.00
# Visual Studio Version 17
VisualStudioVersion = 17.5.33627.172
MinimumVisualStudioVersion = 10.0.40219.1
Project("{FAE04EC0-301F-11D3-BF4B-00C04F79EFBC}") = "OOPSECOND", "OOPSECOND.csproj", "{E1800965-5BDF-41C2-BD9D-428C37D99DDD}"
EndProject
Global
	GlobalSection(SolutionConfigurationPlatforms) = preSolution
		Debug|Any CPU = Debug|Any CPU
		Release|Any CPU = Release|Any CPU
	EndGlobalSection
	GlobalSection(ProjectConfigurationPlatforms) = postSolution
		{E1800965-5BDF-41C2-BD9D-428C37D99DDD}.Debug|Any CPU.ActiveCfg = Debug|Any CPU
		{E1800965-5BDF-41C2-BD9D-428C37D99DDD}.Debug|Any CPU.Build.0 = Debug|Any CPU
		{E1800965-5BDF-41C2-BD9D-428C37D99DDD}.Release|Any CPU.ActiveCfg = Release|Any CPU
		{E1800965-5BDF-41C2-BD9D-428C37D99DDD}.Release|Any CPU.Build.0 = Release|Any CPU
	EndGlobalSection
	GlobalSection(SolutionProperties) = preSolution
		HideSolutionNode = FALSE
	EndGlobalSection
	GlobalSection(ExtensibilityGlobals) = postSolution
		SolutionGuid = {2378A368-EEE6-4DAD-BB99-23A4289EB19D}
	EndGlobalSection
EndGlobal
